
Microsoft Visual Studio Solution File, Format Version 12.00
# Visual Studio Version 17
VisualStudioVersion = 17.5.33530.505
MinimumVisualStudioVersion = 10.0.40219.1
Project("{FAE04EC0-301F-11D3-BF4B-00C04F79EFBC}") = "WpfApp3", "WpfApp3\WpfApp3.csproj", "{FD4A0E3A-88FC-4831-861D-ED592AFCE1E6}"
EndProject
Global
	GlobalSection(SolutionConfigurationPlatforms) = preSolution
		Debug|Any CPU = Debug|Any CPU
		Release|Any CPU = Release|Any CPU
	EndGlobalSection
	GlobalSection(ProjectConfigurationPlatforms) = postSolution
		{FD4A0E3A-88FC-4831-861D-ED592AFCE1E6}.Debug|Any CPU.ActiveCfg = Debug|Any CPU
		{FD4A0E3A-88FC-4831-861D-ED592AFCE1E6}.Debug|Any CPU.Build.0 = Debug|Any CPU
		{FD4A0E3A-88FC-4831-861D-ED592AFCE1E6}.Release|Any CPU.ActiveCfg = Release|Any CPU
		{FD4A0E3A-88FC-4831-861D-ED592AFCE1E6}.Release|Any CPU.Build.0 = Release|Any CPU
	EndGlobalSection
	GlobalSection(SolutionProperties) = preSolution
		HideSolutionNode = FALSE
	EndGlobalSection
	GlobalSection(ExtensibilityGlobals) = postSolution
		SolutionGuid = {0B3BB50F-8535-4C75-8D89-AA830DD697FA}
	EndGlobalSection
EndGlobal
